
Microsoft Visual Studio Solution File, Format Version 12.00
# Visual Studio Version 17
VisualStudioVersion = 17.14.36511.14 d17.14
MinimumVisualStudioVersion = 10.0.40219.1
Project("{2150E333-8FDC-42A3-9474-1A3956D46DE8}") = "Task0", "Task0", "{02EA681E-C7D8-13C7-8484-4AC65E1B71E8}"
EndProject
Project("{FAE04EC0-301F-11D3-BF4B-00C04F79EFBC}") = "Tyuiu.NazarovSV.Sprint0.Task0.V0", "Tyuiu.NazarovSV.Sprint0.Task0.V0\Tyuiu.NazarovSV.Sprint0.Task0.V0.csproj", "{2F1F5B0F-45DA-49A0-8DB3-889955DF02B0}"
EndProject
Project("{2150E333-8FDC-42A3-9474-1A3956D46DE8}") = "Task1", "Task1", "{22D7629E-37C5-4B99-B533-FB9F041D72B7}"
EndProject
Project("{FAE04EC0-301F-11D3-BF4B-00C04F79EFBC}") = "Tyuiu.NazarovSV.Sprint0.Task1.V0", "Tyuiu.NazarovSV.Sprint0.Task1.V0\Tyuiu.NazarovSV.Sprint0.Task1.V0.csproj", "{4550F69F-097E-426B-B2C2-FA6B281500E2}"
EndProject
Project("{2150E333-8FDC-42A3-9474-1A3956D46DE8}") = "Task2", "Task2", "{A17A9709-5CA3-410E-B668-D697C930D678}"
EndProject
Project("{FAE04EC0-301F-11D3-BF4B-00C04F79EFBC}") = "Tyuiu.NazarovSV.Sprint0.Task2.V0", "Tyuiu.NazarovSV.Sprint0.Task2.V0\Tyuiu.NazarovSV.Sprint0.Task2.V0.csproj", "{A165C9DD-2778-433C-906E-64146C1B6EC4}"
EndProject
Project("{FAE04EC0-301F-11D3-BF4B-00C04F79EFBC}") = "Tyuiu.NazarovSV.Sprint0.Task2.V0.Lib", "Tyuiu.NazarovSV.Sprint0.Task2.V0.Lib\Tyuiu.NazarovSV.Sprint0.Task2.V0.Lib.csproj", "{88E9A64B-C693-4C57-93E5-6294AEFA49A5}"
EndProject
Project("{FAE04EC0-301F-11D3-BF4B-00C04F79EFBC}") = "Tyuiu.NazarovSV.Sprint0.Task2.V0.Test", "Tyuiu.NazarovSV.Sprint0.Task2.V0.Test\Tyuiu.NazarovSV.Sprint0.Task2.V0.Test.csproj", "{3DE8E850-A31F-4E58-B975-2427C534AA7D}"
EndProject
Project("{2150E333-8FDC-42A3-9474-1A3956D46DE8}") = "Task3", "Task3", "{38AE4BF9-757B-4C3B-9E11-768471D3BAE2}"
EndProject
Project("{FAE04EC0-301F-11D3-BF4B-00C04F79EFBC}") = "Tyuiu.NazarovSV.Sprint0.Task3.V0", "Tyuiu.NazarovSV.Sprint0.Task3.V0\Tyuiu.NazarovSV.Sprint0.Task3.V0.csproj", "{EA069B0F-FEAC-480B-A58E-7A0BEC0310EF}"
EndProject
Project("{FAE04EC0-301F-11D3-BF4B-00C04F79EFBC}") = "Tyuiu.NazarovSV.Sprint0.Task3.V0.Lib", "Tyuiu.NazarovSV.Sprint0.Task3.V0.Lib\Tyuiu.NazarovSV.Sprint0.Task3.V0.Lib.csproj", "{E5F32D42-D709-464B-9AED-5F56CEF0DFFD}"
EndProject
Project("{FAE04EC0-301F-11D3-BF4B-00C04F79EFBC}") = "Tyuiu.NazarovSV.Sprint0.Task3.V0.Test", "Tyuiu.NazarovSV.Sprint0.Task3.V0.Test\Tyuiu.NazarovSV.Sprint0.Task3.V0.Test.csproj", "{442B0171-0583-407D-A98B-ADC21285C169}"
EndProject
Project("{2150E333-8FDC-42A3-9474-1A3956D46DE8}") = "Task4", "Task4", "{7C015C0E-E112-413E-AAAC-B9AAD236EC00}"
EndProject
Project("{FAE04EC0-301F-11D3-BF4B-00C04F79EFBC}") = "Tyuiu.NazarovSV.Sprint0.Task4.V0", "Tyuiu.NazarovSV.Sprint0.Task4.V0\Tyuiu.NazarovSV.Sprint0.Task4.V0.csproj", "{B644194C-FEDB-4EEA-AA6E-C9524550EDB7}"
EndProject
Project("{FAE04EC0-301F-11D3-BF4B-00C04F79EFBC}") = "Tyuiu.NazarovSV.Sprint0.Task4.V0.Lib", "Tyuiu.NazarovSV.Sprint0.Task4.V0.Lib\Tyuiu.NazarovSV.Sprint0.Task4.V0.Lib.csproj", "{BEA0CC62-A714-4492-B134-18C003643DD0}"
EndProject
Project("{FAE04EC0-301F-11D3-BF4B-00C04F79EFBC}") = "Tyuiu.NazarovSV.Sprint0.Task4.V0.Test", "Tyuiu.NazarovSV.Sprint0.Task4.V0.Test\Tyuiu.NazarovSV.Sprint0.Task4.V0.Test.csproj", "{0E013422-F28A-4FFC-B581-4C2FF6D4E552}"
EndProject
Global
	GlobalSection(SolutionConfigurationPlatforms) = preSolution
		Debug|Any CPU = Debug|Any CPU
		Release|Any CPU = Release|Any CPU
	EndGlobalSection
	GlobalSection(ProjectConfigurationPlatforms) = postSolution
		{2F1F5B0F-45DA-49A0-8DB3-889955DF02B0}.Debug|Any CPU.ActiveCfg = Debug|Any CPU
		{2F1F5B0F-45DA-49A0-8DB3-889955DF02B0}.Debug|Any CPU.Build.0 = Debug|Any CPU
		{2F1F5B0F-45DA-49A0-8DB3-889955DF02B0}.Release|Any CPU.ActiveCfg = Release|Any CPU
		{2F1F5B0F-45DA-49A0-8DB3-889955DF02B0}.Release|Any CPU.Build.0 = Release|Any CPU
		{4550F69F-097E-426B-B2C2-FA6B281500E2}.Debug|Any CPU.ActiveCfg = Debug|Any CPU
		{4550F69F-097E-426B-B2C2-FA6B281500E2}.Debug|Any CPU.Build.0 = Debug|Any CPU
		{4550F69F-097E-426B-B2C2-FA6B281500E2}.Release|Any CPU.ActiveCfg = Release|Any CPU
		{4550F69F-097E-426B-B2C2-FA6B281500E2}.Release|Any CPU.Build.0 = Release|Any CPU
		{A165C9DD-2778-433C-906E-64146C1B6EC4}.Debug|Any CPU.ActiveCfg = Debug|Any CPU
		{A165C9DD-2778-433C-906E-64146C1B6EC4}.Debug|Any CPU.Build.0 = Debug|Any CPU
		{A165C9DD-2778-433C-906E-64146C1B6EC4}.Release|Any CPU.ActiveCfg = Release|Any CPU
		{A165C9DD-2778-433C-906E-64146C1B6EC4}.Release|Any CPU.Build.0 = Release|Any CPU
		{88E9A64B-C693-4C57-93E5-6294AEFA49A5}.Debug|Any CPU.ActiveCfg = Debug|Any CPU
		{88E9A64B-C693-4C57-93E5-6294AEFA49A5}.Debug|Any CPU.Build.0 = Debug|Any CPU
		{88E9A64B-C693-4C57-93E5-6294AEFA49A5}.Release|Any CPU.ActiveCfg = Release|Any CPU
		{88E9A64B-C693-4C57-93E5-6294AEFA49A5}.Release|Any CPU.Build.0 = Release|Any CPU
		{3DE8E850-A31F-4E58-B975-2427C534AA7D}.Debug|Any CPU.ActiveCfg = Debug|Any CPU
		{3DE8E850-A31F-4E58-B975-2427C534AA7D}.Debug|Any CPU.Build.0 = Debug|Any CPU
		{3DE8E850-A31F-4E58-B975-2427C534AA7D}.Release|Any CPU.ActiveCfg = Release|Any CPU
		{3DE8E850-A31F-4E58-B975-2427C534AA7D}.Release|Any CPU.Build.0 = Release|Any CPU
		{EA069B0F-FEAC-480B-A58E-7A0BEC0310EF}.Debug|Any CPU.ActiveCfg = Debug|Any CPU
		{EA069B0F-FEAC-480B-A58E-7A0BEC0310EF}.Debug|Any CPU.Build.0 = Debug|Any CPU
		{EA069B0F-FEAC-480B-A58E-7A0BEC0310EF}.Release|Any CPU.ActiveCfg = Release|Any CPU
		{EA069B0F-FEAC-480B-A58E-7A0BEC0310EF}.Release|Any CPU.Build.0 = Release|Any CPU
		{E5F32D42-D709-464B-9AED-5F56CEF0DFFD}.Debug|Any CPU.ActiveCfg = Debug|Any CPU
		{E5F32D42-D709-464B-9AED-5F56CEF0DFFD}.Debug|Any CPU.Build.0 = Debug|Any CPU
		{E5F32D42-D709-464B-9AED-5F56CEF0DFFD}.Release|Any CPU.ActiveCfg = Release|Any CPU
		{E5F32D42-D709-464B-9AED-5F56CEF0DFFD}.Release|Any CPU.Build.0 = Release|Any CPU
		{442B0171-0583-407D-A98B-ADC21285C169}.Debug|Any CPU.ActiveCfg = Debug|Any CPU
		{442B0171-0583-407D-A98B-ADC21285C169}.Debug|Any CPU.Build.0 = Debug|Any CPU
		{442B0171-0583-407D-A98B-ADC21285C169}.Release|Any CPU.ActiveCfg = Release|Any CPU
		{442B0171-0583-407D-A98B-ADC21285C169}.Release|Any CPU.Build.0 = Release|Any CPU
		{B644194C-FEDB-4EEA-AA6E-C9524550EDB7}.Debug|Any CPU.ActiveCfg = Debug|Any CPU
		{B644194C-FEDB-4EEA-AA6E-C9524550EDB7}.Debug|Any CPU.Build.0 = Debug|Any CPU
		{B644194C-FEDB-4EEA-AA6E-C9524550EDB7}.Release|Any CPU.ActiveCfg = Release|Any CPU
		{B644194C-FEDB-4EEA-AA6E-C9524550EDB7}.Release|Any CPU.Build.0 = Release|Any CPU
		{BEA0CC62-A714-4492-B134-18C003643DD0}.Debug|Any CPU.ActiveCfg = Debug|Any CPU
		{BEA0CC62-A714-4492-B134-18C003643DD0}.Debug|Any CPU.Build.0 = Debug|Any CPU
		{BEA0CC62-A714-4492-B134-18C003643DD0}.Release|Any CPU.ActiveCfg = Release|Any CPU
		{BEA0CC62-A714-4492-B134-18C003643DD0}.Release|Any CPU.Build.0 = Release|Any CPU
		{0E013422-F28A-4FFC-B581-4C2FF6D4E552}.Debug|Any CPU.ActiveCfg = Debug|Any CPU
		{0E013422-F28A-4FFC-B581-4C2FF6D4E552}.Debug|Any CPU.Build.0 = Debug|Any CPU
		{0E013422-F28A-4FFC-B581-4C2FF6D4E552}.Release|Any CPU.ActiveCfg = Release|Any CPU
		{0E013422-F28A-4FFC-B581-4C2FF6D4E552}.Release|Any CPU.Build.0 = Release|Any CPU
	EndGlobalSection
	GlobalSection(SolutionProperties) = preSolution
		HideSolutionNode = FALSE
	EndGlobalSection
	GlobalSection(NestedProjects) = preSolution
		{2F1F5B0F-45DA-49A0-8DB3-889955DF02B0} = {02EA681E-C7D8-13C7-8484-4AC65E1B71E8}
		{4550F69F-097E-426B-B2C2-FA6B281500E2} = {22D7629E-37C5-4B99-B533-FB9F041D72B7}
		{A165C9DD-2778-433C-906E-64146C1B6EC4} = {A17A9709-5CA3-410E-B668-D697C930D678}
		{88E9A64B-C693-4C57-93E5-6294AEFA49A5} = {A17A9709-5CA3-410E-B668-D697C930D678}
		{3DE8E850-A31F-4E58-B975-2427C534AA7D} = {A17A9709-5CA3-410E-B668-D697C930D678}
		{EA069B0F-FEAC-480B-A58E-7A0BEC0310EF} = {38AE4BF9-757B-4C3B-9E11-768471D3BAE2}
		{E5F32D42-D709-464B-9AED-5F56CEF0DFFD} = {38AE4BF9-757B-4C3B-9E11-768471D3BAE2}
		{442B0171-0583-407D-A98B-ADC21285C169} = {38AE4BF9-757B-4C3B-9E11-768471D3BAE2}
		{B644194C-FEDB-4EEA-AA6E-C9524550EDB7} = {7C015C0E-E112-413E-AAAC-B9AAD236EC00}
		{BEA0CC62-A714-4492-B134-18C003643DD0} = {7C015C0E-E112-413E-AAAC-B9AAD236EC00}
		{0E013422-F28A-4FFC-B581-4C2FF6D4E552} = {7C015C0E-E112-413E-AAAC-B9AAD236EC00}
	EndGlobalSection
	GlobalSection(ExtensibilityGlobals) = postSolution
		SolutionGuid = {3D18668C-765A-4670-8D62-9C740046F29C}
	EndGlobalSection
EndGlobal
