
Microsoft Visual Studio Solution File, Format Version 12.00
# Visual Studio Version 17
VisualStudioVersion = 17.14.36511.14 d17.14
MinimumVisualStudioVersion = 10.0.40219.1
Project("{2150E333-8FDC-42A3-9474-1A3956D46DE8}") = "Task0", "Task0", "{02EA681E-C7D8-13C7-8484-4AC65E1B71E8}"
EndProject
Project("{FAE04EC0-301F-11D3-BF4B-00C04F79EFBC}") = "Tyuiu.NazarovSV.Sprint0.Task0.V0", "Tyuiu.NazarovSV.Sprint0.Task0.V0\Tyuiu.NazarovSV.Sprint0.Task0.V0.csproj", "{2F1F5B0F-45DA-49A0-8DB3-889955DF02B0}"
EndProject
Project("{2150E333-8FDC-42A3-9474-1A3956D46DE8}") = "Task1", "Task1", "{22D7629E-37C5-4B99-B533-FB9F041D72B7}"
EndProject
Project("{FAE04EC0-301F-11D3-BF4B-00C04F79EFBC}") = "Tyuiu.NazarovSV.Sprint0.Task1.V0", "Tyuiu.NazarovSV.Sprint0.Task1.V0\Tyuiu.NazarovSV.Sprint0.Task1.V0.csproj", "{4550F69F-097E-426B-B2C2-FA6B281500E2}"
EndProject
Global
	GlobalSection(SolutionConfigurationPlatforms) = preSolution
		Debug|Any CPU = Debug|Any CPU
		Release|Any CPU = Release|Any CPU
	EndGlobalSection
	GlobalSection(ProjectConfigurationPlatforms) = postSolution
		{2F1F5B0F-45DA-49A0-8DB3-889955DF02B0}.Debug|Any CPU.ActiveCfg = Debug|Any CPU
		{2F1F5B0F-45DA-49A0-8DB3-889955DF02B0}.Debug|Any CPU.Build.0 = Debug|Any CPU
		{2F1F5B0F-45DA-49A0-8DB3-889955DF02B0}.Release|Any CPU.ActiveCfg = Release|Any CPU
		{2F1F5B0F-45DA-49A0-8DB3-889955DF02B0}.Release|Any CPU.Build.0 = Release|Any CPU
		{4550F69F-097E-426B-B2C2-FA6B281500E2}.Debug|Any CPU.ActiveCfg = Debug|Any CPU
		{4550F69F-097E-426B-B2C2-FA6B281500E2}.Debug|Any CPU.Build.0 = Debug|Any CPU
		{4550F69F-097E-426B-B2C2-FA6B281500E2}.Release|Any CPU.ActiveCfg = Release|Any CPU
		{4550F69F-097E-426B-B2C2-FA6B281500E2}.Release|Any CPU.Build.0 = Release|Any CPU
	EndGlobalSection
	GlobalSection(SolutionProperties) = preSolution
		HideSolutionNode = FALSE
	EndGlobalSection
	GlobalSection(NestedProjects) = preSolution
		{2F1F5B0F-45DA-49A0-8DB3-889955DF02B0} = {02EA681E-C7D8-13C7-8484-4AC65E1B71E8}
		{4550F69F-097E-426B-B2C2-FA6B281500E2} = {22D7629E-37C5-4B99-B533-FB9F041D72B7}
	EndGlobalSection
	GlobalSection(ExtensibilityGlobals) = postSolution
		SolutionGuid = {3D18668C-765A-4670-8D62-9C740046F29C}
	EndGlobalSection
EndGlobal
